// !$*UTF8*$!
{
	archiveVersion = 1;
	classes = {
	};
	objectVersion = 55;
	objects = {

/* Begin PBXBuildFile section */
		B626E097282EBFDE007647BD /* AppDelegate.swift in Sources */ = {isa = PBXBuildFile; fileRef = B626E096282EBFDE007647BD /* AppDelegate.swift */; };
		B626E099282EBFDE007647BD /* SceneDelegate.swift in Sources */ = {isa = PBXBuildFile; fileRef = B626E098282EBFDE007647BD /* SceneDelegate.swift */; };
		B626E09B282EBFDE007647BD /* ViewController.swift in Sources */ = {isa = PBXBuildFile; fileRef = B626E09A282EBFDE007647BD /* ViewController.swift */; };
		B626E09E282EBFDE007647BD /* Main.storyboard in Resources */ = {isa = PBXBuildFile; fileRef = B626E09C282EBFDE007647BD /* Main.storyboard */; };
		B626E0A0282EBFE0007647BD /* Assets.xcassets in Resources */ = {isa = PBXBuildFile; fileRef = B626E09F282EBFE0007647BD /* Assets.xcassets */; };
		B626E0A3282EBFE0007647BD /* LaunchScreen.storyboard in Resources */ = {isa = PBXBuildFile; fileRef = B626E0A1282EBFE0007647BD /* LaunchScreen.storyboard */; };
		B626E0AE282EBFE1007647BD /* Stop_WatchTests.swift in Sources */ = {isa = PBXBuildFile; fileRef = B626E0AD282EBFE1007647BD /* Stop_WatchTests.swift */; };
		B626E0B8282EBFE1007647BD /* Stop_WatchUITests.swift in Sources */ = {isa = PBXBuildFile; fileRef = B626E0B7282EBFE1007647BD /* Stop_WatchUITests.swift */; };
		B626E0BA282EBFE1007647BD /* Stop_WatchUITestsLaunchTests.swift in Sources */ = {isa = PBXBuildFile; fileRef = B626E0B9282EBFE1007647BD /* Stop_WatchUITestsLaunchTests.swift */; };
/* End PBXBuildFile section */

/* Begin PBXContainerItemProxy section */
		B626E0AA282EBFE1007647BD /* PBXContainerItemProxy */ = {
			isa = PBXContainerItemProxy;
			containerPortal = B626E08B282EBFDE007647BD /* Project object */;
			proxyType = 1;
			remoteGlobalIDString = B626E092282EBFDE007647BD;
			remoteInfo = "Stop Watch";
		};
		B626E0B4282EBFE1007647BD /* PBXContainerItemProxy */ = {
			isa = PBXContainerItemProxy;
			containerPortal = B626E08B282EBFDE007647BD /* Project object */;
			proxyType = 1;
			remoteGlobalIDString = B626E092282EBFDE007647BD;
			remoteInfo = "Stop Watch";
		};
/* End PBXContainerItemProxy section */

/* Begin PBXFileReference section */
		B626E093282EBFDE007647BD /* Stop Watch.app */ = {isa = PBXFileReference; explicitFileType = wrapper.application; includeInIndex = 0; path = "Stop Watch.app"; sourceTree = BUILT_PRODUCTS_DIR; };
		B626E096282EBFDE007647BD /* AppDelegate.swift */ = {isa = PBXFileReference; lastKnownFileType = sourcecode.swift; path = AppDelegate.swift; sourceTree = "<group>"; };
		B626E098282EBFDE007647BD /* SceneDelegate.swift */ = {isa = PBXFileReference; lastKnownFileType = sourcecode.swift; path = SceneDelegate.swift; sourceTree = "<group>"; };
		B626E09A282EBFDE007647BD /* ViewController.swift */ = {isa = PBXFileReference; lastKnownFileType = sourcecode.swift; path = ViewController.swift; sourceTree = "<group>"; };
		B626E09D282EBFDE007647BD /* Base */ = {isa = PBXFileReference; lastKnownFileType = file.storyboard; name = Base; path = Base.lproj/Main.storyboard; sourceTree = "<group>"; };
		B626E09F282EBFE0007647BD /* Assets.xcassets */ = {isa = PBXFileReference; lastKnownFileType = folder.assetcatalog; path = Assets.xcassets; sourceTree = "<group>"; };
		B626E0A2282EBFE0007647BD /* Base */ = {isa = PBXFileReference; lastKnownFileType = file.storyboard; name = Base; path = Base.lproj/LaunchScreen.storyboard; sourceTree = "<group>"; };
		B626E0A4282EBFE0007647BD /* Info.plist */ = {isa = PBXFileReference; lastKnownFileType = text.plist.xml; path = Info.plist; sourceTree = "<group>"; };
		B626E0A9282EBFE1007647BD /* Stop WatchTests.xctest */ = {isa = PBXFileReference; explicitFileType = wrapper.cfbundle; includeInIndex = 0; path = "Stop WatchTests.xctest"; sourceTree = BUILT_PRODUCTS_DIR; };
		B626E0AD282EBFE1007647BD /* Stop_WatchTests.swift */ = {isa = PBXFileReference; lastKnownFileType = sourcecode.swift; path = Stop_WatchTests.swift; sourceTree = "<group>"; };
		B626E0B3282EBFE1007647BD /* Stop WatchUITests.xctest */ = {isa = PBXFileReference; explicitFileType = wrapper.cfbundle; includeInIndex = 0; path = "Stop WatchUITests.xctest"; sourceTree = BUILT_PRODUCTS_DIR; };
		B626E0B7282EBFE1007647BD /* Stop_WatchUITests.swift */ = {isa = PBXFileReference; lastKnownFileType = sourcecode.swift; path = Stop_WatchUITests.swift; sourceTree = "<group>"; };
		B626E0B9282EBFE1007647BD /* Stop_WatchUITestsLaunchTests.swift */ = {isa = PBXFileReference; lastKnownFileType = sourcecode.swift; path = Stop_WatchUITestsLaunchTests.swift; sourceTree = "<group>"; };
/* End PBXFileReference section */

/* Begin PBXFrameworksBuildPhase section */
		B626E090282EBFDE007647BD /* Frameworks */ = {
			isa = PBXFrameworksBuildPhase;
			buildActionMask = 2147483647;
			files = (
			);
			runOnlyForDeploymentPostprocessing = 0;
		};
		B626E0A6282EBFE1007647BD /* Frameworks */ = {
			isa = PBXFrameworksBuildPhase;
			buildActionMask = 2147483647;
			files = (
			);
			runOnlyForDeploymentPostprocessing = 0;
		};
		B626E0B0282EBFE1007647BD /* Frameworks */ = {
			isa = PBXFrameworksBuildPhase;
			buildActionMask = 2147483647;
			files = (
			);
			runOnlyForDeploymentPostprocessing = 0;
		};
/* End PBXFrameworksBuildPhase section */

/* Begin PBXGroup section */
		B626E08A282EBFDE007647BD = {
			isa = PBXGroup;
			children = (
				B626E095282EBFDE007647BD /* Stop Watch */,
				B626E0AC282EBFE1007647BD /* Stop WatchTests */,
				B626E0B6282EBFE1007647BD /* Stop WatchUITests */,
				B626E094282EBFDE007647BD /* Products */,
			);
			sourceTree = "<group>";
		};
		B626E094282EBFDE007647BD /* Products */ = {
			isa = PBXGroup;
			children = (
				B626E093282EBFDE007647BD /* Stop Watch.app */,
				B626E0A9282EBFE1007647BD /* Stop WatchTests.xctest */,
				B626E0B3282EBFE1007647BD /* Stop WatchUITests.xctest */,
			);
			name = Products;
			sourceTree = "<group>";
		};
		B626E095282EBFDE007647BD /* Stop Watch */ = {
			isa = PBXGroup;
			children = (
				B626E096282EBFDE007647BD /* AppDelegate.swift */,
				B626E098282EBFDE007647BD /* SceneDelegate.swift */,
				B626E09A282EBFDE007647BD /* ViewController.swift */,
				B626E09C282EBFDE007647BD /* Main.storyboard */,
				B626E09F282EBFE0007647BD /* Assets.xcassets */,
				B626E0A1282EBFE0007647BD /* LaunchScreen.storyboard */,
				B626E0A4282EBFE0007647BD /* Info.plist */,
			);
			path = "Stop Watch";
			sourceTree = "<group>";
		};
		B626E0AC282EBFE1007647BD /* Stop WatchTests */ = {
			isa = PBXGroup;
			children = (
				B626E0AD282EBFE1007647BD /* Stop_WatchTests.swift */,
			);
			path = "Stop WatchTests";
			sourceTree = "<group>";
		};
		B626E0B6282EBFE1007647BD /* Stop WatchUITests */ = {
			isa = PBXGroup;
			children = (
				B626E0B7282EBFE1007647BD /* Stop_WatchUITests.swift */,
				B626E0B9282EBFE1007647BD /* Stop_WatchUITestsLaunchTests.swift */,
			);
			path = "Stop WatchUITests";
			sourceTree = "<group>";
		};
/* End PBXGroup section */

/* Begin PBXNativeTarget section */
		B626E092282EBFDE007647BD /* Stop Watch */ = {
			isa = PBXNativeTarget;
			buildConfigurationList = B626E0BD282EBFE1007647BD /* Build configuration list for PBXNativeTarget "Stop Watch" */;
			buildPhases = (
				B626E08F282EBFDE007647BD /* Sources */,
				B626E090282EBFDE007647BD /* Frameworks */,
				B626E091282EBFDE007647BD /* Resources */,
			);
			buildRules = (
			);
			dependencies = (
			);
			name = "Stop Watch";
			productName = "Stop Watch";
			productReference = B626E093282EBFDE007647BD /* Stop Watch.app */;
			productType = "com.apple.product-type.application";
		};
		B626E0A8282EBFE1007647BD /* Stop WatchTests */ = {
			isa = PBXNativeTarget;
			buildConfigurationList = B626E0C0282EBFE1007647BD /* Build configuration list for PBXNativeTarget "Stop WatchTests" */;
			buildPhases = (
				B626E0A5282EBFE1007647BD /* Sources */,
				B626E0A6282EBFE1007647BD /* Frameworks */,
				B626E0A7282EBFE1007647BD /* Resources */,
			);
			buildRules = (
			);
			dependencies = (
				B626E0AB282EBFE1007647BD /* PBXTargetDependency */,
			);
			name = "Stop WatchTests";
			productName = "Stop WatchTests";
			productReference = B626E0A9282EBFE1007647BD /* Stop WatchTests.xctest */;
			productType = "com.apple.product-type.bundle.unit-test";
		};
		B626E0B2282EBFE1007647BD /* Stop WatchUITests */ = {
			isa = PBXNativeTarget;
			buildConfigurationList = B626E0C3282EBFE1007647BD /* Build configuration list for PBXNativeTarget "Stop WatchUITests" */;
			buildPhases = (
				B626E0AF282EBFE1007647BD /* Sources */,
				B626E0B0282EBFE1007647BD /* Frameworks */,
				B626E0B1282EBFE1007647BD /* Resources */,
			);
			buildRules = (
			);
			dependencies = (
				B626E0B5282EBFE1007647BD /* PBXTargetDependency */,
			);
			name = "Stop WatchUITests";
			productName = "Stop WatchUITests";
			productReference = B626E0B3282EBFE1007647BD /* Stop WatchUITests.xctest */;
			productType = "com.apple.product-type.bundle.ui-testing";
		};
/* End PBXNativeTarget section */

/* Begin PBXProject section */
		B626E08B282EBFDE007647BD /* Project object */ = {
			isa = PBXProject;
			attributes = {
				BuildIndependentTargetsInParallel = 1;
				LastSwiftUpdateCheck = 1330;
				LastUpgradeCheck = 1330;
				TargetAttributes = {
					B626E092282EBFDE007647BD = {
						CreatedOnToolsVersion = 13.3.1;
					};
					B626E0A8282EBFE1007647BD = {
						CreatedOnToolsVersion = 13.3.1;
						TestTargetID = B626E092282EBFDE007647BD;
					};
					B626E0B2282EBFE1007647BD = {
						CreatedOnToolsVersion = 13.3.1;
						TestTargetID = B626E092282EBFDE007647BD;
					};
				};
			};
			buildConfigurationList = B626E08E282EBFDE007647BD /* Build configuration list for PBXProject "Stop Watch" */;
			compatibilityVersion = "Xcode 13.0";
			developmentRegion = en;
			hasScannedForEncodings = 0;
			knownRegions = (
				en,
				Base,
			);
			mainGroup = B626E08A282EBFDE007647BD;
			productRefGroup = B626E094282EBFDE007647BD /* Products */;
			projectDirPath = "";
			projectRoot = "";
			targets = (
				B626E092282EBFDE007647BD /* Stop Watch */,
				B626E0A8282EBFE1007647BD /* Stop WatchTests */,
				B626E0B2282EBFE1007647BD /* Stop WatchUITests */,
			);
		};
/* End PBXProject section */

/* Begin PBXResourcesBuildPhase section */
		B626E091282EBFDE007647BD /* Resources */ = {
			isa = PBXResourcesBuildPhase;
			buildActionMask = 2147483647;
			files = (
				B626E0A3282EBFE0007647BD /* LaunchScreen.storyboard in Resources */,
				B626E0A0282EBFE0007647BD /* Assets.xcassets in Resources */,
				B626E09E282EBFDE007647BD /* Main.storyboard in Resources */,
			);
			runOnlyForDeploymentPostprocessing = 0;
		};
		B626E0A7282EBFE1007647BD /* Resources */ = {
			isa = PBXResourcesBuildPhase;
			buildActionMask = 2147483647;
			files = (
			);
			runOnlyForDeploymentPostprocessing = 0;
		};
		B626E0B1282EBFE1007647BD /* Resources */ = {
			isa = PBXResourcesBuildPhase;
			buildActionMask = 2147483647;
			files = (
			);
			runOnlyForDeploymentPostprocessing = 0;
		};
/* End PBXResourcesBuildPhase section */

/* Begin PBXSourcesBuildPhase section */
		B626E08F282EBFDE007647BD /* Sources */ = {
			isa = PBXSourcesBuildPhase;
			buildActionMask = 2147483647;
			files = (
				B626E09B282EBFDE007647BD /* ViewController.swift in Sources */,
				B626E097282EBFDE007647BD /* AppDelegate.swift in Sources */,
				B626E099282EBFDE007647BD /* SceneDelegate.swift in Sources */,
			);
			runOnlyForDeploymentPostprocessing = 0;
		};
		B626E0A5282EBFE1007647BD /* Sources */ = {
			isa = PBXSourcesBuildPhase;
			buildActionMask = 2147483647;
			files = (
				B626E0AE282EBFE1007647BD /* Stop_WatchTests.swift in Sources */,
			);
			runOnlyForDeploymentPostprocessing = 0;
		};
		B626E0AF282EBFE1007647BD /* Sources */ = {
			isa = PBXSourcesBuildPhase;
			buildActionMask = 2147483647;
			files = (
				B626E0BA282EBFE1007647BD /* Stop_WatchUITestsLaunchTests.swift in Sources */,
				B626E0B8282EBFE1007647BD /* Stop_WatchUITests.swift in Sources */,
			);
			runOnlyForDeploymentPostprocessing = 0;
		};
/* End PBXSourcesBuildPhase section */

/* Begin PBXTargetDependency section */
		B626E0AB282EBFE1007647BD /* PBXTargetDependency */ = {
			isa = PBXTargetDependency;
			target = B626E092282EBFDE007647BD /* Stop Watch */;
			targetProxy = B626E0AA282EBFE1007647BD /* PBXContainerItemProxy */;
		};
		B626E0B5282EBFE1007647BD /* PBXTargetDependency */ = {
			isa = PBXTargetDependency;
			target = B626E092282EBFDE007647BD /* Stop Watch */;
			targetProxy = B626E0B4282EBFE1007647BD /* PBXContainerItemProxy */;
		};
/* End PBXTargetDependency section */

/* Begin PBXVariantGroup section */
		B626E09C282EBFDE007647BD /* Main.storyboard */ = {
			isa = PBXVariantGroup;
			children = (
				B626E09D282EBFDE007647BD /* Base */,
			);
			name = Main.storyboard;
			sourceTree = "<group>";
		};
		B626E0A1282EBFE0007647BD /* LaunchScreen.storyboard */ = {
			isa = PBXVariantGroup;
			children = (
				B626E0A2282EBFE0007647BD /* Base */,
			);
			name = LaunchScreen.storyboard;
			sourceTree = "<group>";
		};
/* End PBXVariantGroup section */

/* Begin XCBuildConfiguration section */
		B626E0BB282EBFE1007647BD /* Debug */ = {
			isa = XCBuildConfiguration;
			buildSettings = {
				ALWAYS_SEARCH_USER_PATHS = NO;
				CLANG_ANALYZER_NONNULL = YES;
				CLANG_ANALYZER_NUMBER_OBJECT_CONVERSION = YES_AGGRESSIVE;
				CLANG_CXX_LANGUAGE_STANDARD = "gnu++17";
				CLANG_ENABLE_MODULES = YES;
				CLANG_ENABLE_OBJC_ARC = YES;
				CLANG_ENABLE_OBJC_WEAK = YES;
				CLANG_WARN_BLOCK_CAPTURE_AUTORELEASING = YES;
				CLANG_WARN_BOOL_CONVERSION = YES;
				CLANG_WARN_COMMA = YES;
				CLANG_WARN_CONSTANT_CONVERSION = YES;
				CLANG_WARN_DEPRECATED_OBJC_IMPLEMENTATIONS = YES;
				CLANG_WARN_DIRECT_OBJC_ISA_USAGE = YES_ERROR;
				CLANG_WARN_DOCUMENTATION_COMMENTS = YES;
				CLANG_WARN_EMPTY_BODY = YES;
				CLANG_WARN_ENUM_CONVERSION = YES;
				CLANG_WARN_INFINITE_RECURSION = YES;
				CLANG_WARN_INT_CONVERSION = YES;
				CLANG_WARN_NON_LITERAL_NULL_CONVERSION = YES;
				CLANG_WARN_OBJC_IMPLICIT_RETAIN_SELF = YES;
				CLANG_WARN_OBJC_LITERAL_CONVERSION = YES;
				CLANG_WARN_OBJC_ROOT_CLASS = YES_ERROR;
				CLANG_WARN_QUOTED_INCLUDE_IN_FRAMEWORK_HEADER = YES;
				CLANG_WARN_RANGE_LOOP_ANALYSIS = YES;
				CLANG_WARN_STRICT_PROTOTYPES = YES;
				CLANG_WARN_SUSPICIOUS_MOVE = YES;
				CLANG_WARN_UNGUARDED_AVAILABILITY = YES_AGGRESSIVE;
				CLANG_WARN_UNREACHABLE_CODE = YES;
				CLANG_WARN__DUPLICATE_METHOD_MATCH = YES;
				COPY_PHASE_STRIP = NO;
				DEBUG_INFORMATION_FORMAT = dwarf;
				ENABLE_STRICT_OBJC_MSGSEND = YES;
				ENABLE_TESTABILITY = YES;
				GCC_C_LANGUAGE_STANDARD = gnu11;
				GCC_DYNAMIC_NO_PIC = NO;
				GCC_NO_COMMON_BLOCKS = YES;
				GCC_OPTIMIZATION_LEVEL = 0;
				GCC_PREPROCESSOR_DEFINITIONS = (
					"DEBUG=1",
					"$(inherited)",
				);
				GCC_WARN_64_TO_32_BIT_CONVERSION = YES;
				GCC_WARN_ABOUT_RETURN_TYPE = YES_ERROR;
				GCC_WARN_UNDECLARED_SELECTOR = YES;
				GCC_WARN_UNINITIALIZED_AUTOS = YES_AGGRESSIVE;
				GCC_WARN_UNUSED_FUNCTION = YES;
				GCC_WARN_UNUSED_VARIABLE = YES;
				IPHONEOS_DEPLOYMENT_TARGET = 15.4;
				MTL_ENABLE_DEBUG_INFO = INCLUDE_SOURCE;
				MTL_FAST_MATH = YES;
				ONLY_ACTIVE_ARCH = YES;
				SDKROOT = iphoneos;
				SWIFT_ACTIVE_COMPILATION_CONDITIONS = DEBUG;
				SWIFT_OPTIMIZATION_LEVEL = "-Onone";
			};
			name = Debug;
		};
		B626E0BC282EBFE1007647BD /* Release */ = {
			isa = XCBuildConfiguration;
			buildSettings = {
				ALWAYS_SEARCH_USER_PATHS = NO;
				CLANG_ANALYZER_NONNULL = YES;
				CLANG_ANALYZER_NUMBER_OBJECT_CONVERSION = YES_AGGRESSIVE;
				CLANG_CXX_LANGUAGE_STANDARD = "gnu++17";
				CLANG_ENABLE_MODULES = YES;
				CLANG_ENABLE_OBJC_ARC = YES;
				CLANG_ENABLE_OBJC_WEAK = YES;
				CLANG_WARN_BLOCK_CAPTURE_AUTORELEASING = YES;
				CLANG_WARN_BOOL_CONVERSION = YES;
				CLANG_WARN_COMMA = YES;
				CLANG_WARN_CONSTANT_CONVERSION = YES;
				CLANG_WARN_DEPRECATED_OBJC_IMPLEMENTATIONS = YES;
				CLANG_WARN_DIRECT_OBJC_ISA_USAGE = YES_ERROR;
				CLANG_WARN_DOCUMENTATION_COMMENTS = YES;
				CLANG_WARN_EMPTY_BODY = YES;
				CLANG_WARN_ENUM_CONVERSION = YES;
				CLANG_WARN_INFINITE_RECURSION = YES;
				CLANG_WARN_INT_CONVERSION = YES;
				CLANG_WARN_NON_LITERAL_NULL_CONVERSION = YES;
				CLANG_WARN_OBJC_IMPLICIT_RETAIN_SELF = YES;
				CLANG_WARN_OBJC_LITERAL_CONVERSION = YES;
				CLANG_WARN_OBJC_ROOT_CLASS = YES_ERROR;
				CLANG_WARN_QUOTED_INCLUDE_IN_FRAMEWORK_HEADER = YES;
				CLANG_WARN_RANGE_LOOP_ANALYSIS = YES;
				CLANG_WARN_STRICT_PROTOTYPES = YES;
				CLANG_WARN_SUSPICIOUS_MOVE = YES;
				CLANG_WARN_UNGUARDED_AVAILABILITY = YES_AGGRESSIVE;
				CLANG_WARN_UNREACHABLE_CODE = YES;
				CLANG_WARN__DUPLICATE_METHOD_MATCH = YES;
				COPY_PHASE_STRIP = NO;
				DEBUG_INFORMATION_FORMAT = "dwarf-with-dsym";
				ENABLE_NS_ASSERTIONS = NO;
				ENABLE_STRICT_OBJC_MSGSEND = YES;
				GCC_C_LANGUAGE_STANDARD = gnu11;
				GCC_NO_COMMON_BLOCKS = YES;
				GCC_WARN_64_TO_32_BIT_CONVERSION = YES;
				GCC_WARN_ABOUT_RETURN_TYPE = YES_ERROR;
				GCC_WARN_UNDECLARED_SELECTOR = YES;
				GCC_WARN_UNINITIALIZED_AUTOS = YES_AGGRESSIVE;
				GCC_WARN_UNUSED_FUNCTION = YES;
				GCC_WARN_UNUSED_VARIABLE = YES;
				IPHONEOS_DEPLOYMENT_TARGET = 15.4;
				MTL_ENABLE_DEBUG_INFO = NO;
				MTL_FAST_MATH = YES;
				SDKROOT = iphoneos;
				SWIFT_COMPILATION_MODE = wholemodule;
				SWIFT_OPTIMIZATION_LEVEL = "-O";
				VALIDATE_PRODUCT = YES;
			};
			name = Release;
		};
		B626E0BE282EBFE1007647BD /* Debug */ = {
			isa = XCBuildConfiguration;
			buildSettings = {
				ASSETCATALOG_COMPILER_APPICON_NAME = AppIcon;
				ASSETCATALOG_COMPILER_GLOBAL_ACCENT_COLOR_NAME = AccentColor;
				CODE_SIGN_STYLE = Automatic;
				CURRENT_PROJECT_VERSION = 1;
				DEVELOPMENT_TEAM = PXS2AA62VT;
				GENERATE_INFOPLIST_FILE = YES;
				INFOPLIST_FILE = "Stop Watch/Info.plist";
				INFOPLIST_KEY_UIApplicationSupportsIndirectInputEvents = YES;
				INFOPLIST_KEY_UILaunchStoryboardName = LaunchScreen;
				INFOPLIST_KEY_UIMainStoryboardFile = Main;
				INFOPLIST_KEY_UISupportedInterfaceOrientations_iPad = "UIInterfaceOrientationPortrait UIInterfaceOrientationPortraitUpsideDown UIInterfaceOrientationLandscapeLeft UIInterfaceOrientationLandscapeRight";
				INFOPLIST_KEY_UISupportedInterfaceOrientations_iPhone = "UIInterfaceOrientationPortrait UIInterfaceOrientationLandscapeLeft UIInterfaceOrientationLandscapeRight";
				LD_RUNPATH_SEARCH_PATHS = (
					"$(inherited)",
					"@executable_path/Frameworks",
				);
				MARKETING_VERSION = 1.0;
				PRODUCT_BUNDLE_IDENTIFIER = "EX-2.Stop-Watch";
				PRODUCT_NAME = "$(TARGET_NAME)";
				SWIFT_EMIT_LOC_STRINGS = YES;
				SWIFT_VERSION = 5.0;
				TARGETED_DEVICE_FAMILY = "1,2";
			};
			name = Debug;
		};
		B626E0BF282EBFE1007647BD /* Release */ = {
			isa = XCBuildConfiguration;
			buildSettings = {
				ASSETCATALOG_COMPILER_APPICON_NAME = AppIcon;
				ASSETCATALOG_COMPILER_GLOBAL_ACCENT_COLOR_NAME = AccentColor;
				CODE_SIGN_STYLE = Automatic;
				CURRENT_PROJECT_VERSION = 1;
				DEVELOPMENT_TEAM = PXS2AA62VT;
				GENERATE_INFOPLIST_FILE = YES;
				INFOPLIST_FILE = "Stop Watch/Info.plist";
				INFOPLIST_KEY_UIApplicationSupportsIndirectInputEvents = YES;
				INFOPLIST_KEY_UILaunchStoryboardName = LaunchScreen;
				INFOPLIST_KEY_UIMainStoryboardFile = Main;
				INFOPLIST_KEY_UISupportedInterfaceOrientations_iPad = "UIInterfaceOrientationPortrait UIInterfaceOrientationPortraitUpsideDown UIInterfaceOrientationLandscapeLeft UIInterfaceOrientationLandscapeRight";
				INFOPLIST_KEY_UISupportedInterfaceOrientations_iPhone = "UIInterfaceOrientationPortrait UIInterfaceOrientationLandscapeLeft UIInterfaceOrientationLandscapeRight";
				LD_RUNPATH_SEARCH_PATHS = (
					"$(inherited)",
					"@executable_path/Frameworks",
				);
				MARKETING_VERSION = 1.0;
				PRODUCT_BUNDLE_IDENTIFIER = "EX-2.Stop-Watch";
				PRODUCT_NAME = "$(TARGET_NAME)";
				SWIFT_EMIT_LOC_STRINGS = YES;
				SWIFT_VERSION = 5.0;
				TARGETED_DEVICE_FAMILY = "1,2";
			};
			name = Release;
		};
		B626E0C1282EBFE1007647BD /* Debug */ = {
			isa = XCBuildConfiguration;
			buildSettings = {
				ALWAYS_EMBED_SWIFT_STANDARD_LIBRARIES = YES;
				BUNDLE_LOADER = "$(TEST_HOST)";
				CODE_SIGN_STYLE = Automatic;
				CURRENT_PROJECT_VERSION = 1;
				DEVELOPMENT_TEAM = PXS2AA62VT;
				GENERATE_INFOPLIST_FILE = YES;
				IPHONEOS_DEPLOYMENT_TARGET = 15.4;
				MARKETING_VERSION = 1.0;
				PRODUCT_BUNDLE_IDENTIFIER = "EX-2.Stop-WatchTests";
				PRODUCT_NAME = "$(TARGET_NAME)";
				SWIFT_EMIT_LOC_STRINGS = NO;
				SWIFT_VERSION = 5.0;
				TARGETED_DEVICE_FAMILY = "1,2";
				TEST_HOST = "$(BUILT_PRODUCTS_DIR)/Stop Watch.app/Stop Watch";
			};
			name = Debug;
		};
		B626E0C2282EBFE1007647BD /* Release */ = {
			isa = XCBuildConfiguration;
			buildSettings = {
				ALWAYS_EMBED_SWIFT_STANDARD_LIBRARIES = YES;
				BUNDLE_LOADER = "$(TEST_HOST)";
				CODE_SIGN_STYLE = Automatic;
				CURRENT_PROJECT_VERSION = 1;
				DEVELOPMENT_TEAM = PXS2AA62VT;
				GENERATE_INFOPLIST_FILE = YES;
				IPHONEOS_DEPLOYMENT_TARGET = 15.4;
				MARKETING_VERSION = 1.0;
				PRODUCT_BUNDLE_IDENTIFIER = "EX-2.Stop-WatchTests";
				PRODUCT_NAME = "$(TARGET_NAME)";
				SWIFT_EMIT_LOC_STRINGS = NO;
				SWIFT_VERSION = 5.0;
				TARGETED_DEVICE_FAMILY = "1,2";
				TEST_HOST = "$(BUILT_PRODUCTS_DIR)/Stop Watch.app/Stop Watch";
			};
			name = Release;
		};
		B626E0C4282EBFE1007647BD /* Debug */ = {
			isa = XCBuildConfiguration;
			buildSettings = {
				ALWAYS_EMBED_SWIFT_STANDARD_LIBRARIES = YES;
				CODE_SIGN_STYLE = Automatic;
				CURRENT_PROJECT_VERSION = 1;
				DEVELOPMENT_TEAM = PXS2AA62VT;
				GENERATE_INFOPLIST_FILE = YES;
				MARKETING_VERSION = 1.0;
				PRODUCT_BUNDLE_IDENTIFIER = "EX-2.Stop-WatchUITests";
				PRODUCT_NAME = "$(TARGET_NAME)";
				SWIFT_EMIT_LOC_STRINGS = NO;
				SWIFT_VERSION = 5.0;
				TARGETED_DEVICE_FAMILY = "1,2";
				TEST_TARGET_NAME = "Stop Watch";
			};
			name = Debug;
		};
		B626E0C5282EBFE1007647BD /* Release */ = {
			isa = XCBuildConfiguration;
			buildSettings = {
				ALWAYS_EMBED_SWIFT_STANDARD_LIBRARIES = YES;
				CODE_SIGN_STYLE = Automatic;
				CURRENT_PROJECT_VERSION = 1;
				DEVELOPMENT_TEAM = PXS2AA62VT;
				GENERATE_INFOPLIST_FILE = YES;
				MARKETING_VERSION = 1.0;
				PRODUCT_BUNDLE_IDENTIFIER = "EX-2.Stop-WatchUITests";
				PRODUCT_NAME = "$(TARGET_NAME)";
				SWIFT_EMIT_LOC_STRINGS = NO;
				SWIFT_VERSION = 5.0;
				TARGETED_DEVICE_FAMILY = "1,2";
				TEST_TARGET_NAME = "Stop Watch";
			};
			name = Release;
		};
/* End XCBuildConfiguration section */

/* Begin XCConfigurationList section */
		B626E08E282EBFDE007647BD /* Build configuration list for PBXProject "Stop Watch" */ = {
			isa = XCConfigurationList;
			buildConfigurations = (
				B626E0BB282EBFE1007647BD /* Debug */,
				B626E0BC282EBFE1007647BD /* Release */,
			);
			defaultConfigurationIsVisible = 0;
			defaultConfigurationName = Release;
		};
		B626E0BD282EBFE1007647BD /* Build configuration list for PBXNativeTarget "Stop Watch" */ = {
			isa = XCConfigurationList;
			buildConfigurations = (
				B626E0BE282EBFE1007647BD /* Debug */,
				B626E0BF282EBFE1007647BD /* Release */,
			);
			defaultConfigurationIsVisible = 0;
			defaultConfigurationName = Release;
		};
		B626E0C0282EBFE1007647BD /* Build configuration list for PBXNativeTarget "Stop WatchTests" */ = {
			isa = XCConfigurationList;
			buildConfigurations = (
				B626E0C1282EBFE1007647BD /* Debug */,
				B626E0C2282EBFE1007647BD /* Release */,
			);
			defaultConfigurationIsVisible = 0;
			defaultConfigurationName = Release;
		};
		B626E0C3282EBFE1007647BD /* Build configuration list for PBXNativeTarget "Stop WatchUITests" */ = {
			isa = XCConfigurationList;
			buildConfigurations = (
				B626E0C4282EBFE1007647BD /* Debug */,
				B626E0C5282EBFE1007647BD /* Release */,
			);
			defaultConfigurationIsVisible = 0;
			defaultConfigurationName = Release;
		};
/* End XCConfigurationList section */
	};
	rootObject = B626E08B282EBFDE007647BD /* Project object */;
}
